// !$*UTF8*$!
{
	archiveVersion = 1;
	classes = {
	};
	objectVersion = 46;
	objects = {

/* Begin PBXBuildFile section */
		C30ADB0B1B2848B700DA087F /* AppDelegate.swift in Sources */ = {isa = PBXBuildFile; fileRef = C30ADB0A1B2848B700DA087F /* AppDelegate.swift */; };
		C30ADB0E1B2848B700DA087F /* Messaging.xcdatamodeld in Sources */ = {isa = PBXBuildFile; fileRef = C30ADB0C1B2848B700DA087F /* Messaging.xcdatamodeld */; };
		C30ADB101B2848B700DA087F /* ViewController.swift in Sources */ = {isa = PBXBuildFile; fileRef = C30ADB0F1B2848B700DA087F /* ViewController.swift */; };
		C30ADB131B2848B700DA087F /* Main.storyboard in Resources */ = {isa = PBXBuildFile; fileRef = C30ADB111B2848B700DA087F /* Main.storyboard */; };
		C30ADB151B2848B700DA087F /* Images.xcassets in Resources */ = {isa = PBXBuildFile; fileRef = C30ADB141B2848B700DA087F /* Images.xcassets */; };
		C30ADB181B2848B700DA087F /* LaunchScreen.xib in Resources */ = {isa = PBXBuildFile; fileRef = C30ADB161B2848B700DA087F /* LaunchScreen.xib */; };
		C30ADB241B2848B800DA087F /* MessagingTests.swift in Sources */ = {isa = PBXBuildFile; fileRef = C30ADB231B2848B800DA087F /* MessagingTests.swift */; };
		C30ADB2E1B284C0000DA087F /* DataManager.swift in Sources */ = {isa = PBXBuildFile; fileRef = C30ADB2D1B284C0000DA087F /* DataManager.swift */; };
		C30ADB321B28525E00DA087F /* Message.swift in Sources */ = {isa = PBXBuildFile; fileRef = C30ADB311B28525E00DA087F /* Message.swift */; };
		C30ADB341B2860AE00DA087F /* MessageCell.xib in Resources */ = {isa = PBXBuildFile; fileRef = C30ADB331B2860AE00DA087F /* MessageCell.xib */; };
/* End PBXBuildFile section */

/* Begin PBXContainerItemProxy section */
		C30ADB1E1B2848B700DA087F /* PBXContainerItemProxy */ = {
			isa = PBXContainerItemProxy;
			containerPortal = C30ADAFD1B2848B700DA087F /* Project object */;
			proxyType = 1;
			remoteGlobalIDString = C30ADB041B2848B700DA087F;
			remoteInfo = Messaging;
		};
/* End PBXContainerItemProxy section */

/* Begin PBXFileReference section */
		C30ADB051B2848B700DA087F /* Messaging.app */ = {isa = PBXFileReference; explicitFileType = wrapper.application; includeInIndex = 0; path = Messaging.app; sourceTree = BUILT_PRODUCTS_DIR; };
		C30ADB091B2848B700DA087F /* Info.plist */ = {isa = PBXFileReference; lastKnownFileType = text.plist.xml; path = Info.plist; sourceTree = "<group>"; };
		C30ADB0A1B2848B700DA087F /* AppDelegate.swift */ = {isa = PBXFileReference; lastKnownFileType = sourcecode.swift; path = AppDelegate.swift; sourceTree = "<group>"; };
		C30ADB0D1B2848B700DA087F /* Messaging.xcdatamodel */ = {isa = PBXFileReference; lastKnownFileType = wrapper.xcdatamodel; path = Messaging.xcdatamodel; sourceTree = "<group>"; };
		C30ADB0F1B2848B700DA087F /* ViewController.swift */ = {isa = PBXFileReference; lastKnownFileType = sourcecode.swift; path = ViewController.swift; sourceTree = "<group>"; };
		C30ADB121B2848B700DA087F /* Base */ = {isa = PBXFileReference; lastKnownFileType = file.storyboard; name = Base; path = Base.lproj/Main.storyboard; sourceTree = "<group>"; };
		C30ADB141B2848B700DA087F /* Images.xcassets */ = {isa = PBXFileReference; lastKnownFileType = folder.assetcatalog; path = Images.xcassets; sourceTree = "<group>"; };
		C30ADB171B2848B700DA087F /* Base */ = {isa = PBXFileReference; lastKnownFileType = file.xib; name = Base; path = Base.lproj/LaunchScreen.xib; sourceTree = "<group>"; };
		C30ADB1D1B2848B700DA087F /* MessagingTests.xctest */ = {isa = PBXFileReference; explicitFileType = wrapper.cfbundle; includeInIndex = 0; path = MessagingTests.xctest; sourceTree = BUILT_PRODUCTS_DIR; };
		C30ADB221B2848B800DA087F /* Info.plist */ = {isa = PBXFileReference; lastKnownFileType = text.plist.xml; path = Info.plist; sourceTree = "<group>"; };
		C30ADB231B2848B800DA087F /* MessagingTests.swift */ = {isa = PBXFileReference; lastKnownFileType = sourcecode.swift; path = MessagingTests.swift; sourceTree = "<group>"; };
		C30ADB2D1B284C0000DA087F /* DataManager.swift */ = {isa = PBXFileReference; fileEncoding = 4; lastKnownFileType = sourcecode.swift; path = DataManager.swift; sourceTree = "<group>"; };
		C30ADB311B28525E00DA087F /* Message.swift */ = {isa = PBXFileReference; fileEncoding = 4; lastKnownFileType = sourcecode.swift; path = Message.swift; sourceTree = "<group>"; };
		C30ADB331B2860AE00DA087F /* MessageCell.xib */ = {isa = PBXFileReference; fileEncoding = 4; lastKnownFileType = file.xib; path = MessageCell.xib; sourceTree = "<group>"; };
/* End PBXFileReference section */

/* Begin PBXFrameworksBuildPhase section */
		C30ADB021B2848B700DA087F /* Frameworks */ = {
			isa = PBXFrameworksBuildPhase;
			buildActionMask = 2147483647;
			files = (
			);
			runOnlyForDeploymentPostprocessing = 0;
		};
		C30ADB1A1B2848B700DA087F /* Frameworks */ = {
			isa = PBXFrameworksBuildPhase;
			buildActionMask = 2147483647;
			files = (
			);
			runOnlyForDeploymentPostprocessing = 0;
		};
/* End PBXFrameworksBuildPhase section */

/* Begin PBXGroup section */
		C30ADAFC1B2848B700DA087F = {
			isa = PBXGroup;
			children = (
				C30ADB071B2848B700DA087F /* Messaging */,
				C30ADB201B2848B800DA087F /* MessagingTests */,
				C30ADB061B2848B700DA087F /* Products */,
			);
			sourceTree = "<group>";
		};
		C30ADB061B2848B700DA087F /* Products */ = {
			isa = PBXGroup;
			children = (
				C30ADB051B2848B700DA087F /* Messaging.app */,
				C30ADB1D1B2848B700DA087F /* MessagingTests.xctest */,
			);
			name = Products;
			sourceTree = "<group>";
		};
		C30ADB071B2848B700DA087F /* Messaging */ = {
			isa = PBXGroup;
			children = (
				C30ADB311B28525E00DA087F /* Message.swift */,
				C30ADB2D1B284C0000DA087F /* DataManager.swift */,
				C30ADB0A1B2848B700DA087F /* AppDelegate.swift */,
				C30ADB0F1B2848B700DA087F /* ViewController.swift */,
				C30ADB111B2848B700DA087F /* Main.storyboard */,
				C30ADB331B2860AE00DA087F /* MessageCell.xib */,
				C30ADB141B2848B700DA087F /* Images.xcassets */,
				C30ADB161B2848B700DA087F /* LaunchScreen.xib */,
				C30ADB0C1B2848B700DA087F /* Messaging.xcdatamodeld */,
				C30ADB081B2848B700DA087F /* Supporting Files */,
			);
			path = Messaging;
			sourceTree = "<group>";
		};
		C30ADB081B2848B700DA087F /* Supporting Files */ = {
			isa = PBXGroup;
			children = (
				C30ADB091B2848B700DA087F /* Info.plist */,
			);
			name = "Supporting Files";
			sourceTree = "<group>";
		};
		C30ADB201B2848B800DA087F /* MessagingTests */ = {
			isa = PBXGroup;
			children = (
				C30ADB231B2848B800DA087F /* MessagingTests.swift */,
				C30ADB211B2848B800DA087F /* Supporting Files */,
			);
			path = MessagingTests;
			sourceTree = "<group>";
		};
		C30ADB211B2848B800DA087F /* Supporting Files */ = {
			isa = PBXGroup;
			children = (
				C30ADB221B2848B800DA087F /* Info.plist */,
			);
			name = "Supporting Files";
			sourceTree = "<group>";
		};
/* End PBXGroup section */

/* Begin PBXNativeTarget section */
		C30ADB041B2848B700DA087F /* Messaging */ = {
			isa = PBXNativeTarget;
			buildConfigurationList = C30ADB271B2848B800DA087F /* Build configuration list for PBXNativeTarget "Messaging" */;
			buildPhases = (
				C30ADB011B2848B700DA087F /* Sources */,
				C30ADB021B2848B700DA087F /* Frameworks */,
				C30ADB031B2848B700DA087F /* Resources */,
			);
			buildRules = (
			);
			dependencies = (
			);
			name = Messaging;
			productName = Messaging;
			productReference = C30ADB051B2848B700DA087F /* Messaging.app */;
			productType = "com.apple.product-type.application";
		};
		C30ADB1C1B2848B700DA087F /* MessagingTests */ = {
			isa = PBXNativeTarget;
			buildConfigurationList = C30ADB2A1B2848B800DA087F /* Build configuration list for PBXNativeTarget "MessagingTests" */;
			buildPhases = (
				C30ADB191B2848B700DA087F /* Sources */,
				C30ADB1A1B2848B700DA087F /* Frameworks */,
				C30ADB1B1B2848B700DA087F /* Resources */,
			);
			buildRules = (
			);
			dependencies = (
				C30ADB1F1B2848B700DA087F /* PBXTargetDependency */,
			);
			name = MessagingTests;
			productName = MessagingTests;
			productReference = C30ADB1D1B2848B700DA087F /* MessagingTests.xctest */;
			productType = "com.apple.product-type.bundle.unit-test";
		};
/* End PBXNativeTarget section */

/* Begin PBXProject section */
		C30ADAFD1B2848B700DA087F /* Project object */ = {
			isa = PBXProject;
			attributes = {
				LastUpgradeCheck = 0630;
				ORGANIZATIONNAME = "Oleh Sannikov";
				TargetAttributes = {
					C30ADB041B2848B700DA087F = {
						CreatedOnToolsVersion = 6.3.2;
					};
					C30ADB1C1B2848B700DA087F = {
						CreatedOnToolsVersion = 6.3.2;
						TestTargetID = C30ADB041B2848B700DA087F;
					};
				};
			};
			buildConfigurationList = C30ADB001B2848B700DA087F /* Build configuration list for PBXProject "Messaging" */;
			compatibilityVersion = "Xcode 3.2";
			developmentRegion = English;
			hasScannedForEncodings = 0;
			knownRegions = (
				en,
				Base,
			);
			mainGroup = C30ADAFC1B2848B700DA087F;
			productRefGroup = C30ADB061B2848B700DA087F /* Products */;
			projectDirPath = "";
			projectRoot = "";
			targets = (
				C30ADB041B2848B700DA087F /* Messaging */,
				C30ADB1C1B2848B700DA087F /* MessagingTests */,
			);
		};
/* End PBXProject section */

/* Begin PBXResourcesBuildPhase section */
		C30ADB031B2848B700DA087F /* Resources */ = {
			isa = PBXResourcesBuildPhase;
			buildActionMask = 2147483647;
			files = (
				C30ADB131B2848B700DA087F /* Main.storyboard in Resources */,
				C30ADB341B2860AE00DA087F /* MessageCell.xib in Resources */,
				C30ADB181B2848B700DA087F /* LaunchScreen.xib in Resources */,
				C30ADB151B2848B700DA087F /* Images.xcassets in Resources */,
			);
			runOnlyForDeploymentPostprocessing = 0;
		};
		C30ADB1B1B2848B700DA087F /* Resources */ = {
			isa = PBXResourcesBuildPhase;
			buildActionMask = 2147483647;
			files = (
			);
			runOnlyForDeploymentPostprocessing = 0;
		};
/* End PBXResourcesBuildPhase section */

/* Begin PBXSourcesBuildPhase section */
		C30ADB011B2848B700DA087F /* Sources */ = {
			isa = PBXSourcesBuildPhase;
			buildActionMask = 2147483647;
			files = (
				C30ADB101B2848B700DA087F /* ViewController.swift in Sources */,
				C30ADB2E1B284C0000DA087F /* DataManager.swift in Sources */,
				C30ADB321B28525E00DA087F /* Message.swift in Sources */,
				C30ADB0E1B2848B700DA087F /* Messaging.xcdatamodeld in Sources */,
				C30ADB0B1B2848B700DA087F /* AppDelegate.swift in Sources */,
			);
			runOnlyForDeploymentPostprocessing = 0;
		};
		C30ADB191B2848B700DA087F /* Sources */ = {
			isa = PBXSourcesBuildPhase;
			buildActionMask = 2147483647;
			files = (
				C30ADB241B2848B800DA087F /* MessagingTests.swift in Sources */,
			);
			runOnlyForDeploymentPostprocessing = 0;
		};
/* End PBXSourcesBuildPhase section */

/* Begin PBXTargetDependency section */
		C30ADB1F1B2848B700DA087F /* PBXTargetDependency */ = {
			isa = PBXTargetDependency;
			target = C30ADB041B2848B700DA087F /* Messaging */;
			targetProxy = C30ADB1E1B2848B700DA087F /* PBXContainerItemProxy */;
		};
/* End PBXTargetDependency section */

/* Begin PBXVariantGroup section */
		C30ADB111B2848B700DA087F /* Main.storyboard */ = {
			isa = PBXVariantGroup;
			children = (
				C30ADB121B2848B700DA087F /* Base */,
			);
			name = Main.storyboard;
			sourceTree = "<group>";
		};
		C30ADB161B2848B700DA087F /* LaunchScreen.xib */ = {
			isa = PBXVariantGroup;
			children = (
				C30ADB171B2848B700DA087F /* Base */,
			);
			name = LaunchScreen.xib;
			sourceTree = "<group>";
		};
/* End PBXVariantGroup section */

/* Begin XCBuildConfiguration section */
		C30ADB251B2848B800DA087F /* Debug */ = {
			isa = XCBuildConfiguration;
			buildSettings = {
				ALWAYS_SEARCH_USER_PATHS = NO;
				CLANG_CXX_LANGUAGE_STANDARD = "gnu++0x";
				CLANG_CXX_LIBRARY = "libc++";
				CLANG_ENABLE_MODULES = YES;
				CLANG_ENABLE_OBJC_ARC = YES;
				CLANG_WARN_BOOL_CONVERSION = YES;
				CLANG_WARN_CONSTANT_CONVERSION = YES;
				CLANG_WARN_DIRECT_OBJC_ISA_USAGE = YES_ERROR;
				CLANG_WARN_EMPTY_BODY = YES;
				CLANG_WARN_ENUM_CONVERSION = YES;
				CLANG_WARN_INT_CONVERSION = YES;
				CLANG_WARN_OBJC_ROOT_CLASS = YES_ERROR;
				CLANG_WARN_UNREACHABLE_CODE = YES;
				CLANG_WARN__DUPLICATE_METHOD_MATCH = YES;
				"CODE_SIGN_IDENTITY[sdk=iphoneos*]" = "iPhone Developer";
				COPY_PHASE_STRIP = NO;
				DEBUG_INFORMATION_FORMAT = "dwarf-with-dsym";
				ENABLE_STRICT_OBJC_MSGSEND = YES;
				GCC_C_LANGUAGE_STANDARD = gnu99;
				GCC_DYNAMIC_NO_PIC = NO;
				GCC_NO_COMMON_BLOCKS = YES;
				GCC_OPTIMIZATION_LEVEL = 0;
				GCC_PREPROCESSOR_DEFINITIONS = (
					"DEBUG=1",
					"$(inherited)",
				);
				GCC_SYMBOLS_PRIVATE_EXTERN = NO;
				GCC_WARN_64_TO_32_BIT_CONVERSION = YES;
				GCC_WARN_ABOUT_RETURN_TYPE = YES_ERROR;
				GCC_WARN_UNDECLARED_SELECTOR = YES;
				GCC_WARN_UNINITIALIZED_AUTOS = YES_AGGRESSIVE;
				GCC_WARN_UNUSED_FUNCTION = YES;
				GCC_WARN_UNUSED_VARIABLE = YES;
				IPHONEOS_DEPLOYMENT_TARGET = 8.3;
				MTL_ENABLE_DEBUG_INFO = YES;
				ONLY_ACTIVE_ARCH = YES;
				SDKROOT = iphoneos;
				SWIFT_OPTIMIZATION_LEVEL = "-Onone";
				TARGETED_DEVICE_FAMILY = "1,2";
			};
			name = Debug;
		};
		C30ADB261B2848B800DA087F /* Release */ = {
			isa = XCBuildConfiguration;
			buildSettings = {
				ALWAYS_SEARCH_USER_PATHS = NO;
				CLANG_CXX_LANGUAGE_STANDARD = "gnu++0x";
				CLANG_CXX_LIBRARY = "libc++";
				CLANG_ENABLE_MODULES = YES;
				CLANG_ENABLE_OBJC_ARC = YES;
				CLANG_WARN_BOOL_CONVERSION = YES;
				CLANG_WARN_CONSTANT_CONVERSION = YES;
				CLANG_WARN_DIRECT_OBJC_ISA_USAGE = YES_ERROR;
				CLANG_WARN_EMPTY_BODY = YES;
				CLANG_WARN_ENUM_CONVERSION = YES;
				CLANG_WARN_INT_CONVERSION = YES;
				CLANG_WARN_OBJC_ROOT_CLASS = YES_ERROR;
				CLANG_WARN_UNREACHABLE_CODE = YES;
				CLANG_WARN__DUPLICATE_METHOD_MATCH = YES;
				"CODE_SIGN_IDENTITY[sdk=iphoneos*]" = "iPhone Developer";
				COPY_PHASE_STRIP = NO;
				DEBUG_INFORMATION_FORMAT = "dwarf-with-dsym";
				ENABLE_NS_ASSERTIONS = NO;
				ENABLE_STRICT_OBJC_MSGSEND = YES;
				GCC_C_LANGUAGE_STANDARD = gnu99;
				GCC_NO_COMMON_BLOCKS = YES;
				GCC_WARN_64_TO_32_BIT_CONVERSION = YES;
				GCC_WARN_ABOUT_RETURN_TYPE = YES_ERROR;
				GCC_WARN_UNDECLARED_SELECTOR = YES;
				GCC_WARN_UNINITIALIZED_AUTOS = YES_AGGRESSIVE;
				GCC_WARN_UNUSED_FUNCTION = YES;
				GCC_WARN_UNUSED_VARIABLE = YES;
				IPHONEOS_DEPLOYMENT_TARGET = 8.3;
				MTL_ENABLE_DEBUG_INFO = NO;
				SDKROOT = iphoneos;
				TARGETED_DEVICE_FAMILY = "1,2";
				VALIDATE_PRODUCT = YES;
			};
			name = Release;
		};
		C30ADB281B2848B800DA087F /* Debug */ = {
			isa = XCBuildConfiguration;
			buildSettings = {
				ASSETCATALOG_COMPILER_APPICON_NAME = AppIcon;
				INFOPLIST_FILE = Messaging/Info.plist;
				LD_RUNPATH_SEARCH_PATHS = "$(inherited) @executable_path/Frameworks";
				PRODUCT_NAME = "$(TARGET_NAME)";
			};
			name = Debug;
		};
		C30ADB291B2848B800DA087F /* Release */ = {
			isa = XCBuildConfiguration;
			buildSettings = {
				ASSETCATALOG_COMPILER_APPICON_NAME = AppIcon;
				INFOPLIST_FILE = Messaging/Info.plist;
				LD_RUNPATH_SEARCH_PATHS = "$(inherited) @executable_path/Frameworks";
				PRODUCT_NAME = "$(TARGET_NAME)";
			};
			name = Release;
		};
		C30ADB2B1B2848B800DA087F /* Debug */ = {
			isa = XCBuildConfiguration;
			buildSettings = {
				BUNDLE_LOADER = "$(TEST_HOST)";
				FRAMEWORK_SEARCH_PATHS = (
					"$(SDKROOT)/Developer/Library/Frameworks",
					"$(inherited)",
				);
				GCC_PREPROCESSOR_DEFINITIONS = (
					"DEBUG=1",
					"$(inherited)",
				);
				INFOPLIST_FILE = MessagingTests/Info.plist;
				LD_RUNPATH_SEARCH_PATHS = "$(inherited) @executable_path/Frameworks @loader_path/Frameworks";
				PRODUCT_NAME = "$(TARGET_NAME)";
				TEST_HOST = "$(BUILT_PRODUCTS_DIR)/Messaging.app/Messaging";
			};
			name = Debug;
		};
		C30ADB2C1B2848B800DA087F /* Release */ = {
			isa = XCBuildConfiguration;
			buildSettings = {
				BUNDLE_LOADER = "$(TEST_HOST)";
				FRAMEWORK_SEARCH_PATHS = (
					"$(SDKROOT)/Developer/Library/Frameworks",
					"$(inherited)",
				);
				INFOPLIST_FILE = MessagingTests/Info.plist;
				LD_RUNPATH_SEARCH_PATHS = "$(inherited) @executable_path/Frameworks @loader_path/Frameworks";
				PRODUCT_NAME = "$(TARGET_NAME)";
				TEST_HOST = "$(BUILT_PRODUCTS_DIR)/Messaging.app/Messaging";
			};
			name = Release;
		};
/* End XCBuildConfiguration section */

/* Begin XCConfigurationList section */
		C30ADB001B2848B700DA087F /* Build configuration list for PBXProject "Messaging" */ = {
			isa = XCConfigurationList;
			buildConfigurations = (
				C30ADB251B2848B800DA087F /* Debug */,
				C30ADB261B2848B800DA087F /* Release */,
			);
			defaultConfigurationIsVisible = 0;
			defaultConfigurationName = Release;
		};
		C30ADB271B2848B800DA087F /* Build configuration list for PBXNativeTarget "Messaging" */ = {
			isa = XCConfigurationList;
			buildConfigurations = (
				C30ADB281B2848B800DA087F /* Debug */,
				C30ADB291B2848B800DA087F /* Release */,
			);
			defaultConfigurationIsVisible = 0;
		};
		C30ADB2A1B2848B800DA087F /* Build configuration list for PBXNativeTarget "MessagingTests" */ = {
			isa = XCConfigurationList;
			buildConfigurations = (
				C30ADB2B1B2848B800DA087F /* Debug */,
				C30ADB2C1B2848B800DA087F /* Release */,
			);
			defaultConfigurationIsVisible = 0;
		};
/* End XCConfigurationList section */

/* Begin XCVersionGroup section */
		C30ADB0C1B2848B700DA087F /* Messaging.xcdatamodeld */ = {
			isa = XCVersionGroup;
			children = (
				C30ADB0D1B2848B700DA087F /* Messaging.xcdatamodel */,
			);
			currentVersion = C30ADB0D1B2848B700DA087F /* Messaging.xcdatamodel */;
			path = Messaging.xcdatamodeld;
			sourceTree = "<group>";
			versionGroupType = wrapper.xcdatamodel;
		};
/* End XCVersionGroup section */
	};
	rootObject = C30ADAFD1B2848B700DA087F /* Project object */;
}
